
Microsoft Visual Studio Solution File, Format Version 12.00
# Visual Studio Version 17
VisualStudioVersion = 17.11.35303.130
MinimumVisualStudioVersion = 10.0.40219.1
Project("{FAE04EC0-301F-11D3-BF4B-00C04F79EFBC}") = "App.Web.Mvc", "App.Web.Mvc\App.Web.Mvc.csproj", "{F2A652ED-F538-4674-BF41-8BC3532A6450}"
EndProject
Project("{FAE04EC0-301F-11D3-BF4B-00C04F79EFBC}") = "App.Api.Data", "App.Api.Data\App.Api.Data.csproj", "{758AD3C8-4042-48F7-A0BC-9C8C5DD23789}"
EndProject
Project("{FAE04EC0-301F-11D3-BF4B-00C04F79EFBC}") = "App.Api.File", "App.Api.File\App.Api.File.csproj", "{FCEE3D7B-E695-4E9B-B4FF-99DDB42CFC9D}"
EndProject
Project("{FAE04EC0-301F-11D3-BF4B-00C04F79EFBC}") = "App.Web.AdminMvc", "App.Web.AdminMvc\App.Web.AdminMvc.csproj", "{02E6E6E6-785C-4E69-8D6C-2C74FDAD79B7}"
EndProject
Project("{FAE04EC0-301F-11D3-BF4B-00C04F79EFBC}") = "App.Data.Models", "App.Data.Models\App.Data.Models.csproj", "{AD063FE6-E171-46C7-BF08-5CE291BCD53D}"
EndProject
Global
	GlobalSection(SolutionConfigurationPlatforms) = preSolution
		Debug|Any CPU = Debug|Any CPU
		Release|Any CPU = Release|Any CPU
	EndGlobalSection
	GlobalSection(ProjectConfigurationPlatforms) = postSolution
		{F2A652ED-F538-4674-BF41-8BC3532A6450}.Debug|Any CPU.ActiveCfg = Debug|Any CPU
		{F2A652ED-F538-4674-BF41-8BC3532A6450}.Debug|Any CPU.Build.0 = Debug|Any CPU
		{F2A652ED-F538-4674-BF41-8BC3532A6450}.Release|Any CPU.ActiveCfg = Release|Any CPU
		{F2A652ED-F538-4674-BF41-8BC3532A6450}.Release|Any CPU.Build.0 = Release|Any CPU
		{758AD3C8-4042-48F7-A0BC-9C8C5DD23789}.Debug|Any CPU.ActiveCfg = Debug|Any CPU
		{758AD3C8-4042-48F7-A0BC-9C8C5DD23789}.Debug|Any CPU.Build.0 = Debug|Any CPU
		{758AD3C8-4042-48F7-A0BC-9C8C5DD23789}.Release|Any CPU.ActiveCfg = Release|Any CPU
		{758AD3C8-4042-48F7-A0BC-9C8C5DD23789}.Release|Any CPU.Build.0 = Release|Any CPU
		{FCEE3D7B-E695-4E9B-B4FF-99DDB42CFC9D}.Debug|Any CPU.ActiveCfg = Debug|Any CPU
		{FCEE3D7B-E695-4E9B-B4FF-99DDB42CFC9D}.Debug|Any CPU.Build.0 = Debug|Any CPU
		{FCEE3D7B-E695-4E9B-B4FF-99DDB42CFC9D}.Release|Any CPU.ActiveCfg = Release|Any CPU
		{FCEE3D7B-E695-4E9B-B4FF-99DDB42CFC9D}.Release|Any CPU.Build.0 = Release|Any CPU
		{02E6E6E6-785C-4E69-8D6C-2C74FDAD79B7}.Debug|Any CPU.ActiveCfg = Debug|Any CPU
		{02E6E6E6-785C-4E69-8D6C-2C74FDAD79B7}.Debug|Any CPU.Build.0 = Debug|Any CPU
		{02E6E6E6-785C-4E69-8D6C-2C74FDAD79B7}.Release|Any CPU.ActiveCfg = Release|Any CPU
		{02E6E6E6-785C-4E69-8D6C-2C74FDAD79B7}.Release|Any CPU.Build.0 = Release|Any CPU
		{AD063FE6-E171-46C7-BF08-5CE291BCD53D}.Debug|Any CPU.ActiveCfg = Debug|Any CPU
		{AD063FE6-E171-46C7-BF08-5CE291BCD53D}.Debug|Any CPU.Build.0 = Debug|Any CPU
		{AD063FE6-E171-46C7-BF08-5CE291BCD53D}.Release|Any CPU.ActiveCfg = Release|Any CPU
		{AD063FE6-E171-46C7-BF08-5CE291BCD53D}.Release|Any CPU.Build.0 = Release|Any CPU
	EndGlobalSection
	GlobalSection(SolutionProperties) = preSolution
		HideSolutionNode = FALSE
	EndGlobalSection
	GlobalSection(ExtensibilityGlobals) = postSolution
		SolutionGuid = {E740DC84-9DB5-4B4A-9E99-8CFE39F41EC3}
	EndGlobalSection
EndGlobal
