
Microsoft Visual Studio Solution File, Format Version 12.00
# Visual Studio Version 17
VisualStudioVersion = 17.11.35327.3
MinimumVisualStudioVersion = 10.0.40219.1
Project("{FAE04EC0-301F-11D3-BF4B-00C04F79EFBC}") = "App.Mvc", "App.Mvc\App.Mvc.csproj", "{D1DF45DE-5E6B-41BE-9E2E-6E19F2CF0933}"
EndProject
Project("{FAE04EC0-301F-11D3-BF4B-00C04F79EFBC}") = "App.Api", "App.Api\App.Api.csproj", "{35A73567-A753-4E37-8E52-E6034A618C8D}"
EndProject
Global
	GlobalSection(SolutionConfigurationPlatforms) = preSolution
		Debug|Any CPU = Debug|Any CPU
		Release|Any CPU = Release|Any CPU
	EndGlobalSection
	GlobalSection(ProjectConfigurationPlatforms) = postSolution
		{D1DF45DE-5E6B-41BE-9E2E-6E19F2CF0933}.Debug|Any CPU.ActiveCfg = Debug|Any CPU
		{D1DF45DE-5E6B-41BE-9E2E-6E19F2CF0933}.Debug|Any CPU.Build.0 = Debug|Any CPU
		{D1DF45DE-5E6B-41BE-9E2E-6E19F2CF0933}.Release|Any CPU.ActiveCfg = Release|Any CPU
		{D1DF45DE-5E6B-41BE-9E2E-6E19F2CF0933}.Release|Any CPU.Build.0 = Release|Any CPU
		{35A73567-A753-4E37-8E52-E6034A618C8D}.Debug|Any CPU.ActiveCfg = Debug|Any CPU
		{35A73567-A753-4E37-8E52-E6034A618C8D}.Debug|Any CPU.Build.0 = Debug|Any CPU
		{35A73567-A753-4E37-8E52-E6034A618C8D}.Release|Any CPU.ActiveCfg = Release|Any CPU
		{35A73567-A753-4E37-8E52-E6034A618C8D}.Release|Any CPU.Build.0 = Release|Any CPU
	EndGlobalSection
	GlobalSection(SolutionProperties) = preSolution
		HideSolutionNode = FALSE
	EndGlobalSection
	GlobalSection(ExtensibilityGlobals) = postSolution
		SolutionGuid = {AC94F9C9-ED73-4B3F-8D12-008585A52C6E}
	EndGlobalSection
EndGlobal
