
Microsoft Visual Studio Solution File, Format Version 12.00
# Visual Studio Version 17
VisualStudioVersion = 17.11.35303.130
MinimumVisualStudioVersion = 10.0.40219.1
Project("{FAE04EC0-301F-11D3-BF4B-00C04F79EFBC}") = "App.Web.Mvc", "App.Web.Mvc\App.Web.Mvc.csproj", "{284574FC-104B-4751-9919-A111DBF80A60}"
EndProject
Global
	GlobalSection(SolutionConfigurationPlatforms) = preSolution
		Debug|Any CPU = Debug|Any CPU
		Release|Any CPU = Release|Any CPU
	EndGlobalSection
	GlobalSection(ProjectConfigurationPlatforms) = postSolution
		{284574FC-104B-4751-9919-A111DBF80A60}.Debug|Any CPU.ActiveCfg = Debug|Any CPU
		{284574FC-104B-4751-9919-A111DBF80A60}.Debug|Any CPU.Build.0 = Debug|Any CPU
		{284574FC-104B-4751-9919-A111DBF80A60}.Release|Any CPU.ActiveCfg = Release|Any CPU
		{284574FC-104B-4751-9919-A111DBF80A60}.Release|Any CPU.Build.0 = Release|Any CPU
	EndGlobalSection
	GlobalSection(SolutionProperties) = preSolution
		HideSolutionNode = FALSE
	EndGlobalSection
	GlobalSection(ExtensibilityGlobals) = postSolution
		SolutionGuid = {C935CBAE-8648-4C7C-A7FB-6DD0030C1CBD}
	EndGlobalSection
EndGlobal
