
Microsoft Visual Studio Solution File, Format Version 12.00
# Visual Studio Version 17
VisualStudioVersion = 17.9.34616.47
MinimumVisualStudioVersion = 10.0.40219.1
Project("{FAE04EC0-301F-11D3-BF4B-00C04F79EFBC}") = "Todo.Api", "Todo.Api\Todo.Api.csproj", "{1989DDA1-B63B-432A-802F-8CC9A51AD9E5}"
EndProject
Global
	GlobalSection(SolutionConfigurationPlatforms) = preSolution
		Debug|Any CPU = Debug|Any CPU
		Release|Any CPU = Release|Any CPU
	EndGlobalSection
	GlobalSection(ProjectConfigurationPlatforms) = postSolution
		{1989DDA1-B63B-432A-802F-8CC9A51AD9E5}.Debug|Any CPU.ActiveCfg = Debug|Any CPU
		{1989DDA1-B63B-432A-802F-8CC9A51AD9E5}.Debug|Any CPU.Build.0 = Debug|Any CPU
		{1989DDA1-B63B-432A-802F-8CC9A51AD9E5}.Release|Any CPU.ActiveCfg = Release|Any CPU
		{1989DDA1-B63B-432A-802F-8CC9A51AD9E5}.Release|Any CPU.Build.0 = Release|Any CPU
	EndGlobalSection
	GlobalSection(SolutionProperties) = preSolution
		HideSolutionNode = FALSE
	EndGlobalSection
	GlobalSection(ExtensibilityGlobals) = postSolution
		SolutionGuid = {DD0097CD-7FBB-42FE-A334-2CE9DE53951B}
	EndGlobalSection
EndGlobal
