
Microsoft Visual Studio Solution File, Format Version 12.00
# Visual Studio Version 17
VisualStudioVersion = 17.11.35303.130
MinimumVisualStudioVersion = 10.0.40219.1
Project("{FAE04EC0-301F-11D3-BF4B-00C04F79EFBC}") = "App.Web.Mvc", "App.Web.Mvc\App.Web.Mvc.csproj", "{34CC3DB0-F018-4B02-879C-2798DC9C2EFE}"
EndProject
Global
	GlobalSection(SolutionConfigurationPlatforms) = preSolution
		Debug|Any CPU = Debug|Any CPU
		Release|Any CPU = Release|Any CPU
	EndGlobalSection
	GlobalSection(ProjectConfigurationPlatforms) = postSolution
		{34CC3DB0-F018-4B02-879C-2798DC9C2EFE}.Debug|Any CPU.ActiveCfg = Debug|Any CPU
		{34CC3DB0-F018-4B02-879C-2798DC9C2EFE}.Debug|Any CPU.Build.0 = Debug|Any CPU
		{34CC3DB0-F018-4B02-879C-2798DC9C2EFE}.Release|Any CPU.ActiveCfg = Release|Any CPU
		{34CC3DB0-F018-4B02-879C-2798DC9C2EFE}.Release|Any CPU.Build.0 = Release|Any CPU
	EndGlobalSection
	GlobalSection(SolutionProperties) = preSolution
		HideSolutionNode = FALSE
	EndGlobalSection
	GlobalSection(ExtensibilityGlobals) = postSolution
		SolutionGuid = {1D83843D-06AE-4E80-B66B-A40BB6E8C838}
	EndGlobalSection
EndGlobal
