
Microsoft Visual Studio Solution File, Format Version 12.00
# Visual Studio Version 17
VisualStudioVersion = 17.11.35303.130
MinimumVisualStudioVersion = 10.0.40219.1
Project("{FAE04EC0-301F-11D3-BF4B-00C04F79EFBC}") = "Stream.Ops", "Stream.Ops\Stream.Ops.csproj", "{67883CB2-44AB-4DB8-A678-D511BA15CBFD}"
EndProject
Global
	GlobalSection(SolutionConfigurationPlatforms) = preSolution
		Debug|Any CPU = Debug|Any CPU
		Release|Any CPU = Release|Any CPU
	EndGlobalSection
	GlobalSection(ProjectConfigurationPlatforms) = postSolution
		{67883CB2-44AB-4DB8-A678-D511BA15CBFD}.Debug|Any CPU.ActiveCfg = Debug|Any CPU
		{67883CB2-44AB-4DB8-A678-D511BA15CBFD}.Debug|Any CPU.Build.0 = Debug|Any CPU
		{67883CB2-44AB-4DB8-A678-D511BA15CBFD}.Release|Any CPU.ActiveCfg = Release|Any CPU
		{67883CB2-44AB-4DB8-A678-D511BA15CBFD}.Release|Any CPU.Build.0 = Release|Any CPU
	EndGlobalSection
	GlobalSection(SolutionProperties) = preSolution
		HideSolutionNode = FALSE
	EndGlobalSection
	GlobalSection(ExtensibilityGlobals) = postSolution
		SolutionGuid = {40CE1462-E304-4790-AEA3-E94904DC6374}
	EndGlobalSection
EndGlobal
